// !$*UTF8*$!
{
	archiveVersion = 1;
	classes = {
	};
	objectVersion = 48;
	objects = {

/* Begin PBXBuildFile section */
		0411B3CF20A423B400E55739 /* AppDelegate.swift in Sources */ = {isa = PBXBuildFile; fileRef = 0411B3CE20A423B400E55739 /* AppDelegate.swift */; };
		0411B3D120A423B400E55739 /* ViewController.swift in Sources */ = {isa = PBXBuildFile; fileRef = 0411B3D020A423B400E55739 /* ViewController.swift */; };
		0411B3D420A423B400E55739 /* Main.storyboard in Resources */ = {isa = PBXBuildFile; fileRef = 0411B3D220A423B400E55739 /* Main.storyboard */; };
		0411B3D620A423B400E55739 /* Assets.xcassets in Resources */ = {isa = PBXBuildFile; fileRef = 0411B3D520A423B400E55739 /* Assets.xcassets */; };
		0411B3D920A423B400E55739 /* LaunchScreen.storyboard in Resources */ = {isa = PBXBuildFile; fileRef = 0411B3D720A423B400E55739 /* LaunchScreen.storyboard */; };
		0411B3E220A424DB00E55739 /* ZHFileManager.swift in Sources */ = {isa = PBXBuildFile; fileRef = 0411B3E020A424DB00E55739 /* ZHFileManager.swift */; };
		0411B3E320A424DB00E55739 /* ZHWkWebViewController.swift in Sources */ = {isa = PBXBuildFile; fileRef = 0411B3E120A424DB00E55739 /* ZHWkWebViewController.swift */; };
		0411B3E820A424EB00E55739 /* ZHHtml.zip in Resources */ = {isa = PBXBuildFile; fileRef = 0411B3E620A424EB00E55739 /* ZHHtml.zip */; };
		0411B3E920A424EB00E55739 /* ZHHtmlMore.zip in Resources */ = {isa = PBXBuildFile; fileRef = 0411B3E720A424EB00E55739 /* ZHHtmlMore.zip */; };
		F0180CB3258F6205B9345E83 /* Pods_ZHWKWebView.framework in Frameworks */ = {isa = PBXBuildFile; fileRef = 707F4813F3E3756F7C38F831 /* Pods_ZHWKWebView.framework */; };
/* End PBXBuildFile section */

/* Begin PBXFileReference section */
		0411B3CB20A423B400E55739 /* ZHWKWebView.app */ = {isa = PBXFileReference; explicitFileType = wrapper.application; includeInIndex = 0; path = ZHWKWebView.app; sourceTree = BUILT_PRODUCTS_DIR; };
		0411B3CE20A423B400E55739 /* AppDelegate.swift */ = {isa = PBXFileReference; lastKnownFileType = sourcecode.swift; path = AppDelegate.swift; sourceTree = "<group>"; };
		0411B3D020A423B400E55739 /* ViewController.swift */ = {isa = PBXFileReference; lastKnownFileType = sourcecode.swift; path = ViewController.swift; sourceTree = "<group>"; };
		0411B3D320A423B400E55739 /* Base */ = {isa = PBXFileReference; lastKnownFileType = file.storyboard; name = Base; path = Base.lproj/Main.storyboard; sourceTree = "<group>"; };
		0411B3D520A423B400E55739 /* Assets.xcassets */ = {isa = PBXFileReference; lastKnownFileType = folder.assetcatalog; path = Assets.xcassets; sourceTree = "<group>"; };
		0411B3D820A423B400E55739 /* Base */ = {isa = PBXFileReference; lastKnownFileType = file.storyboard; name = Base; path = Base.lproj/LaunchScreen.storyboard; sourceTree = "<group>"; };
		0411B3DA20A423B400E55739 /* Info.plist */ = {isa = PBXFileReference; lastKnownFileType = text.plist.xml; path = Info.plist; sourceTree = "<group>"; };
		0411B3E020A424DB00E55739 /* ZHFileManager.swift */ = {isa = PBXFileReference; fileEncoding = 4; lastKnownFileType = sourcecode.swift; path = ZHFileManager.swift; sourceTree = "<group>"; };
		0411B3E120A424DB00E55739 /* ZHWkWebViewController.swift */ = {isa = PBXFileReference; fileEncoding = 4; lastKnownFileType = sourcecode.swift; path = ZHWkWebViewController.swift; sourceTree = "<group>"; };
		0411B3E620A424EB00E55739 /* ZHHtml.zip */ = {isa = PBXFileReference; lastKnownFileType = archive.zip; path = ZHHtml.zip; sourceTree = "<group>"; };
		0411B3E720A424EB00E55739 /* ZHHtmlMore.zip */ = {isa = PBXFileReference; lastKnownFileType = archive.zip; path = ZHHtmlMore.zip; sourceTree = "<group>"; };
		625F34439BC843A96D6A16AD /* Pods-ZHWKWebView.release.xcconfig */ = {isa = PBXFileReference; includeInIndex = 1; lastKnownFileType = text.xcconfig; name = "Pods-ZHWKWebView.release.xcconfig"; path = "Pods/Target Support Files/Pods-ZHWKWebView/Pods-ZHWKWebView.release.xcconfig"; sourceTree = "<group>"; };
		6522500B3434AD49F66AFF07 /* Pods-ZHWKWebView.debug.xcconfig */ = {isa = PBXFileReference; includeInIndex = 1; lastKnownFileType = text.xcconfig; name = "Pods-ZHWKWebView.debug.xcconfig"; path = "Pods/Target Support Files/Pods-ZHWKWebView/Pods-ZHWKWebView.debug.xcconfig"; sourceTree = "<group>"; };
		707F4813F3E3756F7C38F831 /* Pods_ZHWKWebView.framework */ = {isa = PBXFileReference; explicitFileType = wrapper.framework; includeInIndex = 0; path = Pods_ZHWKWebView.framework; sourceTree = BUILT_PRODUCTS_DIR; };
/* End PBXFileReference section */

/* Begin PBXFrameworksBuildPhase section */
		0411B3C820A423B400E55739 /* Frameworks */ = {
			isa = PBXFrameworksBuildPhase;
			buildActionMask = 2147483647;
			files = (
				F0180CB3258F6205B9345E83 /* Pods_ZHWKWebView.framework in Frameworks */,
			);
			runOnlyForDeploymentPostprocessing = 0;
		};
/* End PBXFrameworksBuildPhase section */

/* Begin PBXGroup section */
		0411B3C220A423B400E55739 = {
			isa = PBXGroup;
			children = (
				0411B3CD20A423B400E55739 /* ZHWKWebView */,
				0411B3CC20A423B400E55739 /* Products */,
				945B4B46971059B9BF5B7B9D /* Pods */,
				B2DF3429EAB541DD35B19129 /* Frameworks */,
			);
			sourceTree = "<group>";
		};
		0411B3CC20A423B400E55739 /* Products */ = {
			isa = PBXGroup;
			children = (
				0411B3CB20A423B400E55739 /* ZHWKWebView.app */,
			);
			name = Products;
			sourceTree = "<group>";
		};
		0411B3CD20A423B400E55739 /* ZHWKWebView */ = {
			isa = PBXGroup;
			children = (
				0411B3E520A424EB00E55739 /* FileZip */,
				0411B3E420A424DE00E55739 /* Other */,
				0411B3CE20A423B400E55739 /* AppDelegate.swift */,
				0411B3D020A423B400E55739 /* ViewController.swift */,
				0411B3E020A424DB00E55739 /* ZHFileManager.swift */,
				0411B3E120A424DB00E55739 /* ZHWkWebViewController.swift */,
				0411B3DA20A423B400E55739 /* Info.plist */,
			);
			path = ZHWKWebView;
			sourceTree = "<group>";
		};
		0411B3E420A424DE00E55739 /* Other */ = {
			isa = PBXGroup;
			children = (
				0411B3D220A423B400E55739 /* Main.storyboard */,
				0411B3D520A423B400E55739 /* Assets.xcassets */,
				0411B3D720A423B400E55739 /* LaunchScreen.storyboard */,
			);
			path = Other;
			sourceTree = "<group>";
		};
		0411B3E520A424EB00E55739 /* FileZip */ = {
			isa = PBXGroup;
			children = (
				0411B3E620A424EB00E55739 /* ZHHtml.zip */,
				0411B3E720A424EB00E55739 /* ZHHtmlMore.zip */,
			);
			path = FileZip;
			sourceTree = "<group>";
		};
		945B4B46971059B9BF5B7B9D /* Pods */ = {
			isa = PBXGroup;
			children = (
				6522500B3434AD49F66AFF07 /* Pods-ZHWKWebView.debug.xcconfig */,
				625F34439BC843A96D6A16AD /* Pods-ZHWKWebView.release.xcconfig */,
			);
			name = Pods;
			sourceTree = "<group>";
		};
		B2DF3429EAB541DD35B19129 /* Frameworks */ = {
			isa = PBXGroup;
			children = (
				707F4813F3E3756F7C38F831 /* Pods_ZHWKWebView.framework */,
			);
			name = Frameworks;
			sourceTree = "<group>";
		};
/* End PBXGroup section */

/* Begin PBXNativeTarget section */
		0411B3CA20A423B400E55739 /* ZHWKWebView */ = {
			isa = PBXNativeTarget;
			buildConfigurationList = 0411B3DD20A423B400E55739 /* Build configuration list for PBXNativeTarget "ZHWKWebView" */;
			buildPhases = (
				13BE9C5819C7BC8D15EC75C4 /* [CP] Check Pods Manifest.lock */,
				0411B3C720A423B400E55739 /* Sources */,
				0411B3C820A423B400E55739 /* Frameworks */,
				0411B3C920A423B400E55739 /* Resources */,
				C4EAB832FBAAE1035B6F801D /* [CP] Embed Pods Frameworks */,
				C052FFC216F289886F975101 /* [CP] Copy Pods Resources */,
			);
			buildRules = (
			);
			dependencies = (
			);
			name = ZHWKWebView;
			productName = ZHWKWebView;
			productReference = 0411B3CB20A423B400E55739 /* ZHWKWebView.app */;
			productType = "com.apple.product-type.application";
		};
/* End PBXNativeTarget section */

/* Begin PBXProject section */
		0411B3C320A423B400E55739 /* Project object */ = {
			isa = PBXProject;
			attributes = {
				LastSwiftUpdateCheck = 0910;
				LastUpgradeCheck = 0910;
				ORGANIZATIONNAME = cifer;
				TargetAttributes = {
					0411B3CA20A423B400E55739 = {
						CreatedOnToolsVersion = 9.1;
						ProvisioningStyle = Automatic;
					};
				};
			};
			buildConfigurationList = 0411B3C620A423B400E55739 /* Build configuration list for PBXProject "ZHWKWebView" */;
			compatibilityVersion = "Xcode 8.0";
			developmentRegion = en;
			hasScannedForEncodings = 0;
			knownRegions = (
				en,
				Base,
			);
			mainGroup = 0411B3C220A423B400E55739;
			productRefGroup = 0411B3CC20A423B400E55739 /* Products */;
			projectDirPath = "";
			projectRoot = "";
			targets = (
				0411B3CA20A423B400E55739 /* ZHWKWebView */,
			);
		};
/* End PBXProject section */

/* Begin PBXResourcesBuildPhase section */
		0411B3C920A423B400E55739 /* Resources */ = {
			isa = PBXResourcesBuildPhase;
			buildActionMask = 2147483647;
			files = (
				0411B3D920A423B400E55739 /* LaunchScreen.storyboard in Resources */,
				0411B3D620A423B400E55739 /* Assets.xcassets in Resources */,
				0411B3E920A424EB00E55739 /* ZHHtmlMore.zip in Resources */,
				0411B3E820A424EB00E55739 /* ZHHtml.zip in Resources */,
				0411B3D420A423B400E55739 /* Main.storyboard in Resources */,
			);
			runOnlyForDeploymentPostprocessing = 0;
		};
/* End PBXResourcesBuildPhase section */

/* Begin PBXShellScriptBuildPhase section */
		13BE9C5819C7BC8D15EC75C4 /* [CP] Check Pods Manifest.lock */ = {
			isa = PBXShellScriptBuildPhase;
			buildActionMask = 2147483647;
			files = (
			);
			inputPaths = (
				"${PODS_PODFILE_DIR_PATH}/Podfile.lock",
				"${PODS_ROOT}/Manifest.lock",
			);
			name = "[CP] Check Pods Manifest.lock";
			outputPaths = (
				"$(DERIVED_FILE_DIR)/Pods-ZHWKWebView-checkManifestLockResult.txt",
			);
			runOnlyForDeploymentPostprocessing = 0;
			shellPath = /bin/sh;
			shellScript = "diff \"${PODS_PODFILE_DIR_PATH}/Podfile.lock\" \"${PODS_ROOT}/Manifest.lock\" > /dev/null\nif [ $? != 0 ] ; then\n    # print error to STDERR\n    echo \"error: The sandbox is not in sync with the Podfile.lock. Run 'pod install' or update your CocoaPods installation.\" >&2\n    exit 1\nfi\n# This output is used by Xcode 'outputs' to avoid re-running this script phase.\necho \"SUCCESS\" > \"${SCRIPT_OUTPUT_FILE_0}\"\n";
			showEnvVarsInLog = 0;
		};
		C052FFC216F289886F975101 /* [CP] Copy Pods Resources */ = {
			isa = PBXShellScriptBuildPhase;
			buildActionMask = 2147483647;
			files = (
			);
			inputPaths = (
			);
			name = "[CP] Copy Pods Resources";
			outputPaths = (
			);
			runOnlyForDeploymentPostprocessing = 0;
			shellPath = /bin/sh;
			shellScript = "\"${SRCROOT}/Pods/Target Support Files/Pods-ZHWKWebView/Pods-ZHWKWebView-resources.sh\"\n";
			showEnvVarsInLog = 0;
		};
		C4EAB832FBAAE1035B6F801D /* [CP] Embed Pods Frameworks */ = {
			isa = PBXShellScriptBuildPhase;
			buildActionMask = 2147483647;
			files = (
			);
			inputPaths = (
				"${SRCROOT}/Pods/Target Support Files/Pods-ZHWKWebView/Pods-ZHWKWebView-frameworks.sh",
				"${BUILT_PRODUCTS_DIR}/SSZipArchive/SSZipArchive.framework",
			);
			name = "[CP] Embed Pods Frameworks";
			outputPaths = (
				"${TARGET_BUILD_DIR}/${FRAMEWORKS_FOLDER_PATH}/SSZipArchive.framework",
			);
			runOnlyForDeploymentPostprocessing = 0;
			shellPath = /bin/sh;
			shellScript = "\"${SRCROOT}/Pods/Target Support Files/Pods-ZHWKWebView/Pods-ZHWKWebView-frameworks.sh\"\n";
			showEnvVarsInLog = 0;
		};
/* End PBXShellScriptBuildPhase section */

/* Begin PBXSourcesBuildPhase section */
		0411B3C720A423B400E55739 /* Sources */ = {
			isa = PBXSourcesBuildPhase;
			buildActionMask = 2147483647;
			files = (
				0411B3E220A424DB00E55739 /* ZHFileManager.swift in Sources */,
				0411B3D120A423B400E55739 /* ViewController.swift in Sources */,
				0411B3CF20A423B400E55739 /* AppDelegate.swift in Sources */,
				0411B3E320A424DB00E55739 /* ZHWkWebViewController.swift in Sources */,
			);
			runOnlyForDeploymentPostprocessing = 0;
		};
/* End PBXSourcesBuildPhase section */

/* Begin PBXVariantGroup section */
		0411B3D220A423B400E55739 /* Main.storyboard */ = {
			isa = PBXVariantGroup;
			children = (
				0411B3D320A423B400E55739 /* Base */,
			);
			name = Main.storyboard;
			sourceTree = "<group>";
		};
		0411B3D720A423B400E55739 /* LaunchScreen.storyboard */ = {
			isa = PBXVariantGroup;
			children = (
				0411B3D820A423B400E55739 /* Base */,
			);
			name = LaunchScreen.storyboard;
			sourceTree = "<group>";
		};
/* End PBXVariantGroup section */

/* Begin XCBuildConfiguration section */
		0411B3DB20A423B400E55739 /* Debug */ = {
			isa = XCBuildConfiguration;
			buildSettings = {
				ALWAYS_SEARCH_USER_PATHS = NO;
				CLANG_ANALYZER_NONNULL = YES;
				CLANG_ANALYZER_NUMBER_OBJECT_CONVERSION = YES_AGGRESSIVE;
				CLANG_CXX_LANGUAGE_STANDARD = "gnu++14";
				CLANG_CXX_LIBRARY = "libc++";
				CLANG_ENABLE_MODULES = YES;
				CLANG_ENABLE_OBJC_ARC = YES;
				CLANG_WARN_BLOCK_CAPTURE_AUTORELEASING = YES;
				CLANG_WARN_BOOL_CONVERSION = YES;
				CLANG_WARN_COMMA = YES;
				CLANG_WARN_CONSTANT_CONVERSION = YES;
				CLANG_WARN_DIRECT_OBJC_ISA_USAGE = YES_ERROR;
				CLANG_WARN_DOCUMENTATION_COMMENTS = YES;
				CLANG_WARN_EMPTY_BODY = YES;
				CLANG_WARN_ENUM_CONVERSION = YES;
				CLANG_WARN_INFINITE_RECURSION = YES;
				CLANG_WARN_INT_CONVERSION = YES;
				CLANG_WARN_NON_LITERAL_NULL_CONVERSION = YES;
				CLANG_WARN_OBJC_LITERAL_CONVERSION = YES;
				CLANG_WARN_OBJC_ROOT_CLASS = YES_ERROR;
				CLANG_WARN_RANGE_LOOP_ANALYSIS = YES;
				CLANG_WARN_STRICT_PROTOTYPES = YES;
				CLANG_WARN_SUSPICIOUS_MOVE = YES;
				CLANG_WARN_UNGUARDED_AVAILABILITY = YES_AGGRESSIVE;
				CLANG_WARN_UNREACHABLE_CODE = YES;
				CLANG_WARN__DUPLICATE_METHOD_MATCH = YES;
				CODE_SIGN_IDENTITY = "iPhone Developer";
				COPY_PHASE_STRIP = NO;
				DEBUG_INFORMATION_FORMAT = dwarf;
				ENABLE_STRICT_OBJC_MSGSEND = YES;
				ENABLE_TESTABILITY = YES;
				GCC_C_LANGUAGE_STANDARD = gnu11;
				GCC_DYNAMIC_NO_PIC = NO;
				GCC_NO_COMMON_BLOCKS = YES;
				GCC_OPTIMIZATION_LEVEL = 0;
				GCC_PREPROCESSOR_DEFINITIONS = (
					"DEBUG=1",
					"$(inherited)",
				);
				GCC_WARN_64_TO_32_BIT_CONVERSION = YES;
				GCC_WARN_ABOUT_RETURN_TYPE = YES_ERROR;
				GCC_WARN_UNDECLARED_SELECTOR = YES;
				GCC_WARN_UNINITIALIZED_AUTOS = YES_AGGRESSIVE;
				GCC_WARN_UNUSED_FUNCTION = YES;
				GCC_WARN_UNUSED_VARIABLE = YES;
				IPHONEOS_DEPLOYMENT_TARGET = 11.1;
				MTL_ENABLE_DEBUG_INFO = YES;
				ONLY_ACTIVE_ARCH = YES;
				SDKROOT = iphoneos;
				SWIFT_ACTIVE_COMPILATION_CONDITIONS = DEBUG;
				SWIFT_OPTIMIZATION_LEVEL = "-Onone";
			};
			name = Debug;
		};
		0411B3DC20A423B400E55739 /* Release */ = {
			isa = XCBuildConfiguration;
			buildSettings = {
				ALWAYS_SEARCH_USER_PATHS = NO;
				CLANG_ANALYZER_NONNULL = YES;
				CLANG_ANALYZER_NUMBER_OBJECT_CONVERSION = YES_AGGRESSIVE;
				CLANG_CXX_LANGUAGE_STANDARD = "gnu++14";
				CLANG_CXX_LIBRARY = "libc++";
				CLANG_ENABLE_MODULES = YES;
				CLANG_ENABLE_OBJC_ARC = YES;
				CLANG_WARN_BLOCK_CAPTURE_AUTORELEASING = YES;
				CLANG_WARN_BOOL_CONVERSION = YES;
				CLANG_WARN_COMMA = YES;
				CLANG_WARN_CONSTANT_CONVERSION = YES;
				CLANG_WARN_DIRECT_OBJC_ISA_USAGE = YES_ERROR;
				CLANG_WARN_DOCUMENTATION_COMMENTS = YES;
				CLANG_WARN_EMPTY_BODY = YES;
				CLANG_WARN_ENUM_CONVERSION = YES;
				CLANG_WARN_INFINITE_RECURSION = YES;
				CLANG_WARN_INT_CONVERSION = YES;
				CLANG_WARN_NON_LITERAL_NULL_CONVERSION = YES;
				CLANG_WARN_OBJC_LITERAL_CONVERSION = YES;
				CLANG_WARN_OBJC_ROOT_CLASS = YES_ERROR;
				CLANG_WARN_RANGE_LOOP_ANALYSIS = YES;
				CLANG_WARN_STRICT_PROTOTYPES = YES;
				CLANG_WARN_SUSPICIOUS_MOVE = YES;
				CLANG_WARN_UNGUARDED_AVAILABILITY = YES_AGGRESSIVE;
				CLANG_WARN_UNREACHABLE_CODE = YES;
				CLANG_WARN__DUPLICATE_METHOD_MATCH = YES;
				CODE_SIGN_IDENTITY = "iPhone Developer";
				COPY_PHASE_STRIP = NO;
				DEBUG_INFORMATION_FORMAT = "dwarf-with-dsym";
				ENABLE_NS_ASSERTIONS = NO;
				ENABLE_STRICT_OBJC_MSGSEND = YES;
				GCC_C_LANGUAGE_STANDARD = gnu11;
				GCC_NO_COMMON_BLOCKS = YES;
				GCC_WARN_64_TO_32_BIT_CONVERSION = YES;
				GCC_WARN_ABOUT_RETURN_TYPE = YES_ERROR;
				GCC_WARN_UNDECLARED_SELECTOR = YES;
				GCC_WARN_UNINITIALIZED_AUTOS = YES_AGGRESSIVE;
				GCC_WARN_UNUSED_FUNCTION = YES;
				GCC_WARN_UNUSED_VARIABLE = YES;
				IPHONEOS_DEPLOYMENT_TARGET = 11.1;
				MTL_ENABLE_DEBUG_INFO = NO;
				SDKROOT = iphoneos;
				SWIFT_OPTIMIZATION_LEVEL = "-Owholemodule";
				VALIDATE_PRODUCT = YES;
			};
			name = Release;
		};
		0411B3DE20A423B400E55739 /* Debug */ = {
			isa = XCBuildConfiguration;
			baseConfigurationReference = 6522500B3434AD49F66AFF07 /* Pods-ZHWKWebView.debug.xcconfig */;
			buildSettings = {
				ASSETCATALOG_COMPILER_APPICON_NAME = AppIcon;
				CODE_SIGN_STYLE = Automatic;
				INFOPLIST_FILE = ZHWKWebView/Info.plist;
				LD_RUNPATH_SEARCH_PATHS = "$(inherited) @executable_path/Frameworks";
				PRODUCT_BUNDLE_IDENTIFIER = com.longyou.ZHWKWebView;
				PRODUCT_NAME = "$(TARGET_NAME)";
				SWIFT_VERSION = 4.0;
				TARGETED_DEVICE_FAMILY = "1,2";
			};
			name = Debug;
		};
		0411B3DF20A423B400E55739 /* Release */ = {
			isa = XCBuildConfiguration;
			baseConfigurationReference = 625F34439BC843A96D6A16AD /* Pods-ZHWKWebView.release.xcconfig */;
			buildSettings = {
				ASSETCATALOG_COMPILER_APPICON_NAME = AppIcon;
				CODE_SIGN_STYLE = Automatic;
				INFOPLIST_FILE = ZHWKWebView/Info.plist;
				LD_RUNPATH_SEARCH_PATHS = "$(inherited) @executable_path/Frameworks";
				PRODUCT_BUNDLE_IDENTIFIER = com.longyou.ZHWKWebView;
				PRODUCT_NAME = "$(TARGET_NAME)";
				SWIFT_VERSION = 4.0;
				TARGETED_DEVICE_FAMILY = "1,2";
			};
			name = Release;
		};
/* End XCBuildConfiguration section */

/* Begin XCConfigurationList section */
		0411B3C620A423B400E55739 /* Build configuration list for PBXProject "ZHWKWebView" */ = {
			isa = XCConfigurationList;
			buildConfigurations = (
				0411B3DB20A423B400E55739 /* Debug */,
				0411B3DC20A423B400E55739 /* Release */,
			);
			defaultConfigurationIsVisible = 0;
			defaultConfigurationName = Release;
		};
		0411B3DD20A423B400E55739 /* Build configuration list for PBXNativeTarget "ZHWKWebView" */ = {
			isa = XCConfigurationList;
			buildConfigurations = (
				0411B3DE20A423B400E55739 /* Debug */,
				0411B3DF20A423B400E55739 /* Release */,
			);
			defaultConfigurationIsVisible = 0;
			defaultConfigurationName = Release;
		};
/* End XCConfigurationList section */
	};
	rootObject = 0411B3C320A423B400E55739 /* Project object */;
}
